{
  "name": "greenedge",
  "version": "1.0.0",
  "lockfileVersion": 3,
  "requires": true,
  "packages": {
    "": {
      "name": "greenedge",
      "version": "1.0.0",
      "dependencies": {
        "astro": "^4.8.6"
      },
      "devDependencies": {
        "@types/node": "^20.11.30",
        "pa11y-ci": "^3.1.0",
        "typescript": "^5.4.5",
        "wait-on": "^7.0.1"
      }
    }
  },
  "dependencies": {
    "astro": {
      "version": "^4.8.6",
      "requires": {}
    }
  },
  "devDependencies": {
    "@types/node": {
      "version": "^20.11.30",
      "requires": {}
    },
    "pa11y-ci": {
      "version": "^3.1.0",
      "requires": {}
    },
    "typescript": {
      "version": "^5.4.5",
      "requires": {}
    },
    "wait-on": {
      "version": "^7.0.1",
      "requires": {}
    }
  }
}
